
Microsoft Visual Studio Solution File, Format Version 12.00
Project("{FAE04EC0-301F-11D3-BF4B-00C04F79EFBC}") = "QuirkyFormattings", "QuirkyFormattings\QuirkyFormattings.csproj", "{16D928A3-87D6-4EE8-B302-35CD4C5361A5}"
EndProject
Project("{2150E333-8FDC-42A3-9474-1A3956D46DE8}") = "SolutionDependencies", "SolutionDependencies", "{6AF420D8-8F91-4854-85C0-CC24E3405976}"
	ProjectSection(SolutionItems) = preProject
		BuildState.Generated.props = BuildState.Generated.props
		Directory.Build.props = Directory.Build.props
	EndProjectSection
EndProject
Project("{FAE04EC0-301F-11D3-BF4B-00C04F79EFBC}") = "PluginRunner", "PluginRunner\PluginRunner.csproj", "{76850B03-7759-42BF-92F4-60B9851D1E9B}"
EndProject
Project("{FAE04EC0-301F-11D3-BF4B-00C04F79EFBC}") = "QuirkyFormattings.Test", "test\src\QuirkyFormattings.Test\QuirkyFormattings.Test.csproj", "{48AEA1CD-C79D-4CC9-9AC0-9F30255FA4BA}"
EndProject
Global
	GlobalSection(SolutionConfigurationPlatforms) = preSolution
		Debug|Any CPU = Debug|Any CPU
		Release|Any CPU = Release|Any CPU
	EndGlobalSection
	GlobalSection(ProjectConfigurationPlatforms) = postSolution
		{16D928A3-87D6-4EE8-B302-35CD4C5361A5}.Debug|Any CPU.ActiveCfg = Debug|Any CPU
		{16D928A3-87D6-4EE8-B302-35CD4C5361A5}.Debug|Any CPU.Build.0 = Debug|Any CPU
		{16D928A3-87D6-4EE8-B302-35CD4C5361A5}.Release|Any CPU.ActiveCfg = Release|Any CPU
		{16D928A3-87D6-4EE8-B302-35CD4C5361A5}.Release|Any CPU.Build.0 = Release|Any CPU
		{76850B03-7759-42BF-92F4-60B9851D1E9B}.Debug|Any CPU.ActiveCfg = Debug|Any CPU
		{76850B03-7759-42BF-92F4-60B9851D1E9B}.Debug|Any CPU.Build.0 = Debug|Any CPU
		{76850B03-7759-42BF-92F4-60B9851D1E9B}.Release|Any CPU.ActiveCfg = Release|Any CPU
		{76850B03-7759-42BF-92F4-60B9851D1E9B}.Release|Any CPU.Build.0 = Release|Any CPU
		{48AEA1CD-C79D-4CC9-9AC0-9F30255FA4BA}.Debug|Any CPU.ActiveCfg = Debug|Any CPU
		{48AEA1CD-C79D-4CC9-9AC0-9F30255FA4BA}.Debug|Any CPU.Build.0 = Debug|Any CPU
		{48AEA1CD-C79D-4CC9-9AC0-9F30255FA4BA}.Release|Any CPU.ActiveCfg = Release|Any CPU
		{48AEA1CD-C79D-4CC9-9AC0-9F30255FA4BA}.Release|Any CPU.Build.0 = Release|Any CPU
	EndGlobalSection
EndGlobal
